// !$*UTF8*$!
{
	archiveVersion = 1;
	classes = {
	};
	objectVersion = 50;
	objects = {

/* Begin PBXBuildFile section */
		515BF995267F7C3600B5D9B4 /* modifiers.swift in Sources */ = {isa = PBXBuildFile; fileRef = 515BF994267F7C3600B5D9B4 /* modifiers.swift */; };
		515BF997267F923D00B5D9B4 /* Talk.swift in Sources */ = {isa = PBXBuildFile; fileRef = 515BF996267F923D00B5D9B4 /* Talk.swift */; };
		515BF99C267F92FE00B5D9B4 /* HomeViewModel.swift in Sources */ = {isa = PBXBuildFile; fileRef = 515BF99B267F92FE00B5D9B4 /* HomeViewModel.swift */; };
		515EAA13267E602B00FAD369 /* StartUpClubApp.swift in Sources */ = {isa = PBXBuildFile; fileRef = 515EAA12267E602B00FAD369 /* StartUpClubApp.swift */; };
		515EAA15267E602B00FAD369 /* ContentView.swift in Sources */ = {isa = PBXBuildFile; fileRef = 515EAA14267E602B00FAD369 /* ContentView.swift */; };
		515EAA17267E602E00FAD369 /* Assets.xcassets in Resources */ = {isa = PBXBuildFile; fileRef = 515EAA16267E602E00FAD369 /* Assets.xcassets */; };
		515EAA1A267E602E00FAD369 /* Preview Assets.xcassets in Resources */ = {isa = PBXBuildFile; fileRef = 515EAA19267E602E00FAD369 /* Preview Assets.xcassets */; };
		515EAA23267E656500FAD369 /* Color.swift in Sources */ = {isa = PBXBuildFile; fileRef = 515EAA22267E656500FAD369 /* Color.swift */; };
		515EAA26267E66A200FAD369 /* CircleAvatarView.swift in Sources */ = {isa = PBXBuildFile; fileRef = 515EAA25267E66A200FAD369 /* CircleAvatarView.swift */; };
		515EAA2B267E6B5500FAD369 /* CategorySlider.swift in Sources */ = {isa = PBXBuildFile; fileRef = 515EAA2A267E6B5500FAD369 /* CategorySlider.swift */; };
		515EAA2D267E7B0C00FAD369 /* HappeningNowView.swift in Sources */ = {isa = PBXBuildFile; fileRef = 515EAA2C267E7B0C00FAD369 /* HappeningNowView.swift */; };
		515EAA32267E829700FAD369 /* BottomNavBarView.swift in Sources */ = {isa = PBXBuildFile; fileRef = 515EAA31267E829700FAD369 /* BottomNavBarView.swift */; };
		515EAA34267E8E8300FAD369 /* UpcomingTalk.swift in Sources */ = {isa = PBXBuildFile; fileRef = 515EAA33267E8E8300FAD369 /* UpcomingTalk.swift */; };
		515EAA36267E8EE200FAD369 /* HomeHeader.swift in Sources */ = {isa = PBXBuildFile; fileRef = 515EAA35267E8EE200FAD369 /* HomeHeader.swift */; };
		515EAA39267E8F5A00FAD369 /* RoomView.swift in Sources */ = {isa = PBXBuildFile; fileRef = 515EAA38267E8F5A00FAD369 /* RoomView.swift */; };
		515EAA3C267E906600FAD369 /* RoomUserAvatarView.swift in Sources */ = {isa = PBXBuildFile; fileRef = 515EAA3B267E906600FAD369 /* RoomUserAvatarView.swift */; };
		515EAA3F267F091900FAD369 /* RoomViewModel.swift in Sources */ = {isa = PBXBuildFile; fileRef = 515EAA3E267F091900FAD369 /* RoomViewModel.swift */; };
		515EAA42267F098200FAD369 /* RoomUser.swift in Sources */ = {isa = PBXBuildFile; fileRef = 515EAA41267F098200FAD369 /* RoomUser.swift */; };
/* End PBXBuildFile section */

/* Begin PBXFileReference section */
		515BF994267F7C3600B5D9B4 /* modifiers.swift */ = {isa = PBXFileReference; lastKnownFileType = sourcecode.swift; path = modifiers.swift; sourceTree = "<group>"; };
		515BF996267F923D00B5D9B4 /* Talk.swift */ = {isa = PBXFileReference; lastKnownFileType = sourcecode.swift; path = Talk.swift; sourceTree = "<group>"; };
		515BF99B267F92FE00B5D9B4 /* HomeViewModel.swift */ = {isa = PBXFileReference; lastKnownFileType = sourcecode.swift; path = HomeViewModel.swift; sourceTree = "<group>"; };
		515EAA0F267E602B00FAD369 /* StartUpClub.app */ = {isa = PBXFileReference; explicitFileType = wrapper.application; includeInIndex = 0; path = StartUpClub.app; sourceTree = BUILT_PRODUCTS_DIR; };
		515EAA12267E602B00FAD369 /* StartUpClubApp.swift */ = {isa = PBXFileReference; lastKnownFileType = sourcecode.swift; path = StartUpClubApp.swift; sourceTree = "<group>"; };
		515EAA14267E602B00FAD369 /* ContentView.swift */ = {isa = PBXFileReference; lastKnownFileType = sourcecode.swift; path = ContentView.swift; sourceTree = "<group>"; };
		515EAA16267E602E00FAD369 /* Assets.xcassets */ = {isa = PBXFileReference; lastKnownFileType = folder.assetcatalog; path = Assets.xcassets; sourceTree = "<group>"; };
		515EAA19267E602E00FAD369 /* Preview Assets.xcassets */ = {isa = PBXFileReference; lastKnownFileType = folder.assetcatalog; path = "Preview Assets.xcassets"; sourceTree = "<group>"; };
		515EAA1B267E602E00FAD369 /* Info.plist */ = {isa = PBXFileReference; lastKnownFileType = text.plist.xml; path = Info.plist; sourceTree = "<group>"; };
		515EAA22267E656500FAD369 /* Color.swift */ = {isa = PBXFileReference; lastKnownFileType = sourcecode.swift; path = Color.swift; sourceTree = "<group>"; };
		515EAA25267E66A200FAD369 /* CircleAvatarView.swift */ = {isa = PBXFileReference; lastKnownFileType = sourcecode.swift; path = CircleAvatarView.swift; sourceTree = "<group>"; };
		515EAA2A267E6B5500FAD369 /* CategorySlider.swift */ = {isa = PBXFileReference; lastKnownFileType = sourcecode.swift; path = CategorySlider.swift; sourceTree = "<group>"; };
		515EAA2C267E7B0C00FAD369 /* HappeningNowView.swift */ = {isa = PBXFileReference; lastKnownFileType = sourcecode.swift; path = HappeningNowView.swift; sourceTree = "<group>"; };
		515EAA31267E829700FAD369 /* BottomNavBarView.swift */ = {isa = PBXFileReference; lastKnownFileType = sourcecode.swift; path = BottomNavBarView.swift; sourceTree = "<group>"; };
		515EAA33267E8E8300FAD369 /* UpcomingTalk.swift */ = {isa = PBXFileReference; lastKnownFileType = sourcecode.swift; path = UpcomingTalk.swift; sourceTree = "<group>"; };
		515EAA35267E8EE200FAD369 /* HomeHeader.swift */ = {isa = PBXFileReference; lastKnownFileType = sourcecode.swift; path = HomeHeader.swift; sourceTree = "<group>"; };
		515EAA38267E8F5A00FAD369 /* RoomView.swift */ = {isa = PBXFileReference; lastKnownFileType = sourcecode.swift; path = RoomView.swift; sourceTree = "<group>"; };
		515EAA3B267E906600FAD369 /* RoomUserAvatarView.swift */ = {isa = PBXFileReference; lastKnownFileType = sourcecode.swift; path = RoomUserAvatarView.swift; sourceTree = "<group>"; };
		515EAA3E267F091900FAD369 /* RoomViewModel.swift */ = {isa = PBXFileReference; lastKnownFileType = sourcecode.swift; path = RoomViewModel.swift; sourceTree = "<group>"; };
		515EAA41267F098200FAD369 /* RoomUser.swift */ = {isa = PBXFileReference; lastKnownFileType = sourcecode.swift; path = RoomUser.swift; sourceTree = "<group>"; };
/* End PBXFileReference section */

/* Begin PBXFrameworksBuildPhase section */
		515EAA0C267E602B00FAD369 /* Frameworks */ = {
			isa = PBXFrameworksBuildPhase;
			buildActionMask = 2147483647;
			files = (
			);
			runOnlyForDeploymentPostprocessing = 0;
		};
/* End PBXFrameworksBuildPhase section */

/* Begin PBXGroup section */
		515BF993267F7C0F00B5D9B4 /* Modifers */ = {
			isa = PBXGroup;
			children = (
				515BF994267F7C3600B5D9B4 /* modifiers.swift */,
			);
			path = Modifers;
			sourceTree = "<group>";
		};
		515BF998267F92D800B5D9B4 /* ViewModel */ = {
			isa = PBXGroup;
			children = (
				515BF99B267F92FE00B5D9B4 /* HomeViewModel.swift */,
			);
			path = ViewModel;
			sourceTree = "<group>";
		};
		515EAA06267E602A00FAD369 = {
			isa = PBXGroup;
			children = (
				515EAA11267E602B00FAD369 /* StartUpClub */,
				515EAA10267E602B00FAD369 /* Products */,
			);
			sourceTree = "<group>";
		};
		515EAA10267E602B00FAD369 /* Products */ = {
			isa = PBXGroup;
			children = (
				515EAA0F267E602B00FAD369 /* StartUpClub.app */,
			);
			name = Products;
			sourceTree = "<group>";
		};
		515EAA11267E602B00FAD369 /* StartUpClub */ = {
			isa = PBXGroup;
			children = (
				515BF993267F7C0F00B5D9B4 /* Modifers */,
				515EAA28267E6B3100FAD369 /* Core */,
				515EAA24267E668B00FAD369 /* Components */,
				515EAA21267E654F00FAD369 /* Extensions */,
				515EAA12267E602B00FAD369 /* StartUpClubApp.swift */,
				515EAA14267E602B00FAD369 /* ContentView.swift */,
				515EAA16267E602E00FAD369 /* Assets.xcassets */,
				515EAA1B267E602E00FAD369 /* Info.plist */,
				515EAA18267E602E00FAD369 /* Preview Content */,
			);
			path = StartUpClub;
			sourceTree = "<group>";
		};
		515EAA18267E602E00FAD369 /* Preview Content */ = {
			isa = PBXGroup;
			children = (
				515EAA19267E602E00FAD369 /* Preview Assets.xcassets */,
			);
			path = "Preview Content";
			sourceTree = "<group>";
		};
		515EAA21267E654F00FAD369 /* Extensions */ = {
			isa = PBXGroup;
			children = (
				515EAA22267E656500FAD369 /* Color.swift */,
			);
			path = Extensions;
			sourceTree = "<group>";
		};
		515EAA24267E668B00FAD369 /* Components */ = {
			isa = PBXGroup;
			children = (
				515EAA25267E66A200FAD369 /* CircleAvatarView.swift */,
			);
			path = Components;
			sourceTree = "<group>";
		};
		515EAA27267E6B2600FAD369 /* Views */ = {
			isa = PBXGroup;
			children = (
				515EAA2A267E6B5500FAD369 /* CategorySlider.swift */,
				515EAA2C267E7B0C00FAD369 /* HappeningNowView.swift */,
				515EAA31267E829700FAD369 /* BottomNavBarView.swift */,
				515EAA33267E8E8300FAD369 /* UpcomingTalk.swift */,
				515EAA35267E8EE200FAD369 /* HomeHeader.swift */,
			);
			path = Views;
			sourceTree = "<group>";
		};
		515EAA28267E6B3100FAD369 /* Core */ = {
			isa = PBXGroup;
			children = (
				515EAA29267E6B3600FAD369 /* Home */,
				515EAA37267E8F2800FAD369 /* Room */,
			);
			path = Core;
			sourceTree = "<group>";
		};
		515EAA29267E6B3600FAD369 /* Home */ = {
			isa = PBXGroup;
			children = (
				515BF998267F92D800B5D9B4 /* ViewModel */,
				515EAA2E267E7B1900FAD369 /* Models */,
				515EAA27267E6B2600FAD369 /* Views */,
			);
			path = Home;
			sourceTree = "<group>";
		};
		515EAA2E267E7B1900FAD369 /* Models */ = {
			isa = PBXGroup;
			children = (
				515BF996267F923D00B5D9B4 /* Talk.swift */,
			);
			path = Models;
			sourceTree = "<group>";
		};
		515EAA37267E8F2800FAD369 /* Room */ = {
			isa = PBXGroup;
			children = (
				515EAA40267F094B00FAD369 /* Model */,
				515EAA3D267F090600FAD369 /* ViewModel */,
				515EAA3A267E904E00FAD369 /* Views */,
				515EAA38267E8F5A00FAD369 /* RoomView.swift */,
			);
			path = Room;
			sourceTree = "<group>";
		};
		515EAA3A267E904E00FAD369 /* Views */ = {
			isa = PBXGroup;
			children = (
				515EAA3B267E906600FAD369 /* RoomUserAvatarView.swift */,
			);
			path = Views;
			sourceTree = "<group>";
		};
		515EAA3D267F090600FAD369 /* ViewModel */ = {
			isa = PBXGroup;
			children = (
				515EAA3E267F091900FAD369 /* RoomViewModel.swift */,
			);
			path = ViewModel;
			sourceTree = "<group>";
		};
		515EAA40267F094B00FAD369 /* Model */ = {
			isa = PBXGroup;
			children = (
				515EAA41267F098200FAD369 /* RoomUser.swift */,
			);
			path = Model;
			sourceTree = "<group>";
		};
/* End PBXGroup section */

/* Begin PBXNativeTarget section */
		515EAA0E267E602B00FAD369 /* StartUpClub */ = {
			isa = PBXNativeTarget;
			buildConfigurationList = 515EAA1E267E602E00FAD369 /* Build configuration list for PBXNativeTarget "StartUpClub" */;
			buildPhases = (
				515EAA0B267E602B00FAD369 /* Sources */,
				515EAA0C267E602B00FAD369 /* Frameworks */,
				515EAA0D267E602B00FAD369 /* Resources */,
			);
			buildRules = (
			);
			dependencies = (
			);
			name = StartUpClub;
			productName = StartUpClub;
			productReference = 515EAA0F267E602B00FAD369 /* StartUpClub.app */;
			productType = "com.apple.product-type.application";
		};
/* End PBXNativeTarget section */

/* Begin PBXProject section */
		515EAA07267E602A00FAD369 /* Project object */ = {
			isa = PBXProject;
			attributes = {
				LastSwiftUpdateCheck = 1250;
				LastUpgradeCheck = 1250;
				TargetAttributes = {
					515EAA0E267E602B00FAD369 = {
						CreatedOnToolsVersion = 12.5;
					};
				};
			};
			buildConfigurationList = 515EAA0A267E602A00FAD369 /* Build configuration list for PBXProject "StartUpClub" */;
			compatibilityVersion = "Xcode 9.3";
			developmentRegion = en;
			hasScannedForEncodings = 0;
			knownRegions = (
				en,
				Base,
			);
			mainGroup = 515EAA06267E602A00FAD369;
			productRefGroup = 515EAA10267E602B00FAD369 /* Products */;
			projectDirPath = "";
			projectRoot = "";
			targets = (
				515EAA0E267E602B00FAD369 /* StartUpClub */,
			);
		};
/* End PBXProject section */

/* Begin PBXResourcesBuildPhase section */
		515EAA0D267E602B00FAD369 /* Resources */ = {
			isa = PBXResourcesBuildPhase;
			buildActionMask = 2147483647;
			files = (
				515EAA1A267E602E00FAD369 /* Preview Assets.xcassets in Resources */,
				515EAA17267E602E00FAD369 /* Assets.xcassets in Resources */,
			);
			runOnlyForDeploymentPostprocessing = 0;
		};
/* End PBXResourcesBuildPhase section */

/* Begin PBXSourcesBuildPhase section */
		515EAA0B267E602B00FAD369 /* Sources */ = {
			isa = PBXSourcesBuildPhase;
			buildActionMask = 2147483647;
			files = (
				515EAA2D267E7B0C00FAD369 /* HappeningNowView.swift in Sources */,
				515EAA3C267E906600FAD369 /* RoomUserAvatarView.swift in Sources */,
				515EAA42267F098200FAD369 /* RoomUser.swift in Sources */,
				515BF99C267F92FE00B5D9B4 /* HomeViewModel.swift in Sources */,
				515EAA2B267E6B5500FAD369 /* CategorySlider.swift in Sources */,
				515EAA15267E602B00FAD369 /* ContentView.swift in Sources */,
				515EAA34267E8E8300FAD369 /* UpcomingTalk.swift in Sources */,
				515EAA32267E829700FAD369 /* BottomNavBarView.swift in Sources */,
				515EAA36267E8EE200FAD369 /* HomeHeader.swift in Sources */,
				515BF997267F923D00B5D9B4 /* Talk.swift in Sources */,
				515EAA3F267F091900FAD369 /* RoomViewModel.swift in Sources */,
				515EAA26267E66A200FAD369 /* CircleAvatarView.swift in Sources */,
				515BF995267F7C3600B5D9B4 /* modifiers.swift in Sources */,
				515EAA39267E8F5A00FAD369 /* RoomView.swift in Sources */,
				515EAA13267E602B00FAD369 /* StartUpClubApp.swift in Sources */,
				515EAA23267E656500FAD369 /* Color.swift in Sources */,
			);
			runOnlyForDeploymentPostprocessing = 0;
		};
/* End PBXSourcesBuildPhase section */

/* Begin XCBuildConfiguration section */
		515EAA1C267E602E00FAD369 /* Debug */ = {
			isa = XCBuildConfiguration;
			buildSettings = {
				ALWAYS_SEARCH_USER_PATHS = NO;
				CLANG_ANALYZER_NONNULL = YES;
				CLANG_ANALYZER_NUMBER_OBJECT_CONVERSION = YES_AGGRESSIVE;
				CLANG_CXX_LANGUAGE_STANDARD = "gnu++14";
				CLANG_CXX_LIBRARY = "libc++";
				CLANG_ENABLE_MODULES = YES;
				CLANG_ENABLE_OBJC_ARC = YES;
				CLANG_ENABLE_OBJC_WEAK = YES;
				CLANG_WARN_BLOCK_CAPTURE_AUTORELEASING = YES;
				CLANG_WARN_BOOL_CONVERSION = YES;
				CLANG_WARN_COMMA = YES;
				CLANG_WARN_CONSTANT_CONVERSION = YES;
				CLANG_WARN_DEPRECATED_OBJC_IMPLEMENTATIONS = YES;
				CLANG_WARN_DIRECT_OBJC_ISA_USAGE = YES_ERROR;
				CLANG_WARN_DOCUMENTATION_COMMENTS = YES;
				CLANG_WARN_EMPTY_BODY = YES;
				CLANG_WARN_ENUM_CONVERSION = YES;
				CLANG_WARN_INFINITE_RECURSION = YES;
				CLANG_WARN_INT_CONVERSION = YES;
				CLANG_WARN_NON_LITERAL_NULL_CONVERSION = YES;
				CLANG_WARN_OBJC_IMPLICIT_RETAIN_SELF = YES;
				CLANG_WARN_OBJC_LITERAL_CONVERSION = YES;
				CLANG_WARN_OBJC_ROOT_CLASS = YES_ERROR;
				CLANG_WARN_QUOTED_INCLUDE_IN_FRAMEWORK_HEADER = YES;
				CLANG_WARN_RANGE_LOOP_ANALYSIS = YES;
				CLANG_WARN_STRICT_PROTOTYPES = YES;
				CLANG_WARN_SUSPICIOUS_MOVE = YES;
				CLANG_WARN_UNGUARDED_AVAILABILITY = YES_AGGRESSIVE;
				CLANG_WARN_UNREACHABLE_CODE = YES;
				CLANG_WARN__DUPLICATE_METHOD_MATCH = YES;
				COPY_PHASE_STRIP = NO;
				DEBUG_INFORMATION_FORMAT = dwarf;
				ENABLE_STRICT_OBJC_MSGSEND = YES;
				ENABLE_TESTABILITY = YES;
				GCC_C_LANGUAGE_STANDARD = gnu11;
				GCC_DYNAMIC_NO_PIC = NO;
				GCC_NO_COMMON_BLOCKS = YES;
				GCC_OPTIMIZATION_LEVEL = 0;
				GCC_PREPROCESSOR_DEFINITIONS = (
					"DEBUG=1",
					"$(inherited)",
				);
				GCC_WARN_64_TO_32_BIT_CONVERSION = YES;
				GCC_WARN_ABOUT_RETURN_TYPE = YES_ERROR;
				GCC_WARN_UNDECLARED_SELECTOR = YES;
				GCC_WARN_UNINITIALIZED_AUTOS = YES_AGGRESSIVE;
				GCC_WARN_UNUSED_FUNCTION = YES;
				GCC_WARN_UNUSED_VARIABLE = YES;
				IPHONEOS_DEPLOYMENT_TARGET = 14.5;
				MTL_ENABLE_DEBUG_INFO = INCLUDE_SOURCE;
				MTL_FAST_MATH = YES;
				ONLY_ACTIVE_ARCH = YES;
				SDKROOT = iphoneos;
				SWIFT_ACTIVE_COMPILATION_CONDITIONS = DEBUG;
				SWIFT_OPTIMIZATION_LEVEL = "-Onone";
			};
			name = Debug;
		};
		515EAA1D267E602E00FAD369 /* Release */ = {
			isa = XCBuildConfiguration;
			buildSettings = {
				ALWAYS_SEARCH_USER_PATHS = NO;
				CLANG_ANALYZER_NONNULL = YES;
				CLANG_ANALYZER_NUMBER_OBJECT_CONVERSION = YES_AGGRESSIVE;
				CLANG_CXX_LANGUAGE_STANDARD = "gnu++14";
				CLANG_CXX_LIBRARY = "libc++";
				CLANG_ENABLE_MODULES = YES;
				CLANG_ENABLE_OBJC_ARC = YES;
				CLANG_ENABLE_OBJC_WEAK = YES;
				CLANG_WARN_BLOCK_CAPTURE_AUTORELEASING = YES;
				CLANG_WARN_BOOL_CONVERSION = YES;
				CLANG_WARN_COMMA = YES;
				CLANG_WARN_CONSTANT_CONVERSION = YES;
				CLANG_WARN_DEPRECATED_OBJC_IMPLEMENTATIONS = YES;
				CLANG_WARN_DIRECT_OBJC_ISA_USAGE = YES_ERROR;
				CLANG_WARN_DOCUMENTATION_COMMENTS = YES;
				CLANG_WARN_EMPTY_BODY = YES;
				CLANG_WARN_ENUM_CONVERSION = YES;
				CLANG_WARN_INFINITE_RECURSION = YES;
				CLANG_WARN_INT_CONVERSION = YES;
				CLANG_WARN_NON_LITERAL_NULL_CONVERSION = YES;
				CLANG_WARN_OBJC_IMPLICIT_RETAIN_SELF = YES;
				CLANG_WARN_OBJC_LITERAL_CONVERSION = YES;
				CLANG_WARN_OBJC_ROOT_CLASS = YES_ERROR;
				CLANG_WARN_QUOTED_INCLUDE_IN_FRAMEWORK_HEADER = YES;
				CLANG_WARN_RANGE_LOOP_ANALYSIS = YES;
				CLANG_WARN_STRICT_PROTOTYPES = YES;
				CLANG_WARN_SUSPICIOUS_MOVE = YES;
				CLANG_WARN_UNGUARDED_AVAILABILITY = YES_AGGRESSIVE;
				CLANG_WARN_UNREACHABLE_CODE = YES;
				CLANG_WARN__DUPLICATE_METHOD_MATCH = YES;
				COPY_PHASE_STRIP = NO;
				DEBUG_INFORMATION_FORMAT = "dwarf-with-dsym";
				ENABLE_NS_ASSERTIONS = NO;
				ENABLE_STRICT_OBJC_MSGSEND = YES;
				GCC_C_LANGUAGE_STANDARD = gnu11;
				GCC_NO_COMMON_BLOCKS = YES;
				GCC_WARN_64_TO_32_BIT_CONVERSION = YES;
				GCC_WARN_ABOUT_RETURN_TYPE = YES_ERROR;
				GCC_WARN_UNDECLARED_SELECTOR = YES;
				GCC_WARN_UNINITIALIZED_AUTOS = YES_AGGRESSIVE;
				GCC_WARN_UNUSED_FUNCTION = YES;
				GCC_WARN_UNUSED_VARIABLE = YES;
				IPHONEOS_DEPLOYMENT_TARGET = 14.5;
				MTL_ENABLE_DEBUG_INFO = NO;
				MTL_FAST_MATH = YES;
				SDKROOT = iphoneos;
				SWIFT_COMPILATION_MODE = wholemodule;
				SWIFT_OPTIMIZATION_LEVEL = "-O";
				VALIDATE_PRODUCT = YES;
			};
			name = Release;
		};
		515EAA1F267E602E00FAD369 /* Debug */ = {
			isa = XCBuildConfiguration;
			buildSettings = {
				ASSETCATALOG_COMPILER_APPICON_NAME = AppIcon;
				ASSETCATALOG_COMPILER_GLOBAL_ACCENT_COLOR_NAME = AccentColor;
				CODE_SIGN_STYLE = Automatic;
				DEVELOPMENT_ASSET_PATHS = "\"StartUpClub/Preview Content\"";
				ENABLE_PREVIEWS = YES;
				INFOPLIST_FILE = StartUpClub/Info.plist;
				IPHONEOS_DEPLOYMENT_TARGET = 14.0;
				LD_RUNPATH_SEARCH_PATHS = (
					"$(inherited)",
					"@executable_path/Frameworks",
				);
				PRODUCT_BUNDLE_IDENTIFIER = dev.dammak.StartUpClub;
				PRODUCT_NAME = "$(TARGET_NAME)";
				SWIFT_VERSION = 5.0;
				TARGETED_DEVICE_FAMILY = "1,2";
			};
			name = Debug;
		};
		515EAA20267E602E00FAD369 /* Release */ = {
			isa = XCBuildConfiguration;
			buildSettings = {
				ASSETCATALOG_COMPILER_APPICON_NAME = AppIcon;
				ASSETCATALOG_COMPILER_GLOBAL_ACCENT_COLOR_NAME = AccentColor;
				CODE_SIGN_STYLE = Automatic;
				DEVELOPMENT_ASSET_PATHS = "\"StartUpClub/Preview Content\"";
				ENABLE_PREVIEWS = YES;
				INFOPLIST_FILE = StartUpClub/Info.plist;
				IPHONEOS_DEPLOYMENT_TARGET = 14.0;
				LD_RUNPATH_SEARCH_PATHS = (
					"$(inherited)",
					"@executable_path/Frameworks",
				);
				PRODUCT_BUNDLE_IDENTIFIER = dev.dammak.StartUpClub;
				PRODUCT_NAME = "$(TARGET_NAME)";
				SWIFT_VERSION = 5.0;
				TARGETED_DEVICE_FAMILY = "1,2";
			};
			name = Release;
		};
/* End XCBuildConfiguration section */

/* Begin XCConfigurationList section */
		515EAA0A267E602A00FAD369 /* Build configuration list for PBXProject "StartUpClub" */ = {
			isa = XCConfigurationList;
			buildConfigurations = (
				515EAA1C267E602E00FAD369 /* Debug */,
				515EAA1D267E602E00FAD369 /* Release */,
			);
			defaultConfigurationIsVisible = 0;
			defaultConfigurationName = Release;
		};
		515EAA1E267E602E00FAD369 /* Build configuration list for PBXNativeTarget "StartUpClub" */ = {
			isa = XCConfigurationList;
			buildConfigurations = (
				515EAA1F267E602E00FAD369 /* Debug */,
				515EAA20267E602E00FAD369 /* Release */,
			);
			defaultConfigurationIsVisible = 0;
			defaultConfigurationName = Release;
		};
/* End XCConfigurationList section */
	};
	rootObject = 515EAA07267E602A00FAD369 /* Project object */;
}
